# generated by rye
# use `rye lock` or `rye sync` to update this lockfile
#
# last locked with the following flags:
#   pre: false
#   features: []
#   all-features: false
#   with-sources: false

-e file:.
acoustics==0.2.6
    # via soundscapy
bottleneck==1.4.0
    # via pandas
contourpy==1.2.1
    # via matplotlib
cycler==0.12.1
    # via matplotlib
defusedxml==0.7.1
    # via odfpy
et-xmlfile==1.1.0
    # via openpyxl
fonttools==4.53.1
    # via matplotlib
imageio==2.34.2
    # via scikit-image
kiwisolver==1.4.5
    # via matplotlib
lazy-loader==0.4
    # via scikit-image
llvmlite==0.43.0
    # via numba
matplotlib==3.9.2
    # via acoustics
    # via scikit-maad
    # via seaborn
    # via soundscapy
mosqito==1.2.1
    # via soundscapy
networkx==3.3
    # via scikit-image
numba==0.60.0
    # via pandas
    # via resampy
numexpr==2.10.1
    # via pandas
numpy==2.0.1
    # via acoustics
    # via bottleneck
    # via contourpy
    # via imageio
    # via matplotlib
    # via mosqito
    # via numba
    # via numexpr
    # via pandas
    # via pyuff
    # via resampy
    # via scikit-image
    # via scikit-maad
    # via scipy
    # via seaborn
    # via soundscapy
    # via tifffile
odfpy==1.4.1
    # via pandas
openpyxl==3.1.5
    # via pandas
packaging==24.1
    # via lazy-loader
    # via matplotlib
    # via scikit-image
pandas==2.2.2
    # via acoustics
    # via scikit-maad
    # via seaborn
    # via soundscapy
pillow==10.4.0
    # via imageio
    # via matplotlib
    # via scikit-image
pyparsing==3.1.2
    # via matplotlib
python-calamine==0.2.3
    # via pandas
python-dateutil==2.9.0.post0
    # via matplotlib
    # via pandas
pytz==2024.1
    # via pandas
pyuff==2.4.3
    # via mosqito
pyxlsb==1.0.10
    # via pandas
pyyaml==6.0.2
    # via soundscapy
resampy==0.4.3
    # via scikit-maad
scikit-image==0.24.0
    # via scikit-maad
scikit-maad==1.4.3
    # via soundscapy
scipy==1.14.0
    # via acoustics
    # via mosqito
    # via scikit-image
    # via scikit-maad
seaborn==0.13.2
    # via soundscapy
six==1.16.0
    # via acoustics
    # via python-dateutil
tabulate==0.9.0
    # via acoustics
tifffile==2024.8.10
    # via scikit-image
tqdm==4.66.5
    # via soundscapy
tzdata==2024.1
    # via pandas
xlrd==2.0.1
    # via pandas
xlsxwriter==3.2.0
    # via pandas
